// !$*UTF8*$!
{
	archiveVersion = 1;
	classes = {
	};
	objectVersion = 77;
	objects = {

/* Begin PBXBuildFile section */
		CFA4EA822F02B40000D5AC7F /* WidgetKit.framework in Frameworks */ = {isa = PBXBuildFile; fileRef = CFA4EA812F02B40000D5AC7F /* WidgetKit.framework */; };
		CFA4EA842F02B40000D5AC7F /* SwiftUI.framework in Frameworks */ = {isa = PBXBuildFile; fileRef = CFA4EA832F02B40000D5AC7F /* SwiftUI.framework */; };
		CFA4EA932F02B40000D5AC7F /* upcomingWidgetExtension.appex in Embed Foundation Extensions */ = {isa = PBXBuildFile; fileRef = CFA4EA7F2F02B40000D5AC7F /* upcomingWidgetExtension.appex */; platformFilter = ios; settings = {ATTRIBUTES = (RemoveHeadersOnCopy, ); }; };
		CFTVOS0012F02B50000D5AC7F /* LaunchScreen.storyboard in Resources */ = {isa = PBXBuildFile; fileRef = CFTVOS0022F02B50000D5AC7F /* LaunchScreen.storyboard */; platformFilter = ios; };
/* End PBXBuildFile section */

/* Begin PBXContainerItemProxy section */
		CFA4EA912F02B40000D5AC7F /* PBXContainerItemProxy */ = {
			isa = PBXContainerItemProxy;
			containerPortal = CFD772E12EFC8ED1005E5D93 /* Project object */;
			proxyType = 1;
			remoteGlobalIDString = CFA4EA7E2F02B40000D5AC7F;
			remoteInfo = upcomingWidgetExtension;
		};
		CFD772F72EFC8ED4005E5D93 /* PBXContainerItemProxy */ = {
			isa = PBXContainerItemProxy;
			containerPortal = CFD772E12EFC8ED1005E5D93 /* Project object */;
			proxyType = 1;
			remoteGlobalIDString = CFD772E82EFC8ED2005E5D93;
			remoteInfo = "Media Manager";
		};
		CFD773012EFC8ED4005E5D93 /* PBXContainerItemProxy */ = {
			isa = PBXContainerItemProxy;
			containerPortal = CFD772E12EFC8ED1005E5D93 /* Project object */;
			proxyType = 1;
			remoteGlobalIDString = CFD772E82EFC8ED2005E5D93;
			remoteInfo = "Media Manager";
		};
/* End PBXContainerItemProxy section */

/* Begin PBXCopyFilesBuildPhase section */
		CFA4EA982F02B40000D5AC7F /* Embed Foundation Extensions */ = {
			isa = PBXCopyFilesBuildPhase;
			buildActionMask = 2147483647;
			dstPath = "";
			dstSubfolderSpec = 13;
			files = (
				CFA4EA932F02B40000D5AC7F /* upcomingWidgetExtension.appex in Embed Foundation Extensions */,
			);
			name = "Embed Foundation Extensions";
			runOnlyForDeploymentPostprocessing = 0;
		};
/* End PBXCopyFilesBuildPhase section */

/* Begin PBXFileReference section */
		CFA4EA7F2F02B40000D5AC7F /* upcomingWidgetExtension.appex */ = {isa = PBXFileReference; explicitFileType = "wrapper.app-extension"; includeInIndex = 0; path = upcomingWidgetExtension.appex; sourceTree = BUILT_PRODUCTS_DIR; };
		CFA4EA812F02B40000D5AC7F /* WidgetKit.framework */ = {isa = PBXFileReference; lastKnownFileType = wrapper.framework; name = WidgetKit.framework; path = System/Library/Frameworks/WidgetKit.framework; sourceTree = SDKROOT; };
		CFA4EA832F02B40000D5AC7F /* SwiftUI.framework */ = {isa = PBXFileReference; lastKnownFileType = wrapper.framework; name = SwiftUI.framework; path = System/Library/Frameworks/SwiftUI.framework; sourceTree = SDKROOT; };
		CFD772E92EFC8ED2005E5D93 /* Media Manager.app */ = {isa = PBXFileReference; explicitFileType = wrapper.application; includeInIndex = 0; path = "Media Manager.app"; sourceTree = BUILT_PRODUCTS_DIR; };
		CFD772F62EFC8ED4005E5D93 /* Media ManagerTests.xctest */ = {isa = PBXFileReference; explicitFileType = wrapper.cfbundle; includeInIndex = 0; path = "Media ManagerTests.xctest"; sourceTree = BUILT_PRODUCTS_DIR; };
		CFD773002EFC8ED4005E5D93 /* Media ManagerUITests.xctest */ = {isa = PBXFileReference; explicitFileType = wrapper.cfbundle; includeInIndex = 0; path = "Media ManagerUITests.xctest"; sourceTree = BUILT_PRODUCTS_DIR; };
		CFTVOS0022F02B50000D5AC7F /* LaunchScreen.storyboard */ = {isa = PBXFileReference; lastKnownFileType = file.storyboard; path = LaunchScreen.storyboard; sourceTree = "<group>"; };
/* End PBXFileReference section */

/* Begin PBXFileSystemSynchronizedBuildFileExceptionSet section */
		CFA4EA942F02B40000D5AC7F /* Exceptions for "UpcomingWidget" folder in "upcomingWidgetExtension" target */ = {
			isa = PBXFileSystemSynchronizedBuildFileExceptionSet;
			membershipExceptions = (
				Info.plist,
			);
			target = CFA4EA7E2F02B40000D5AC7F /* upcomingWidgetExtension */;
		};
/* End PBXFileSystemSynchronizedBuildFileExceptionSet section */

/* Begin PBXFileSystemSynchronizedRootGroup section */
		CFA4EA852F02B40000D5AC7F /* UpcomingWidget */ = {
			isa = PBXFileSystemSynchronizedRootGroup;
			exceptions = (
				CFA4EA942F02B40000D5AC7F /* Exceptions for "UpcomingWidget" folder in "upcomingWidgetExtension" target */,
			);
			path = UpcomingWidget;
			sourceTree = "<group>";
		};
		CFD772EB2EFC8ED2005E5D93 /* Media Manager */ = {
			isa = PBXFileSystemSynchronizedRootGroup;
			path = "Media Manager";
			sourceTree = "<group>";
		};
		CFD772F92EFC8ED4005E5D93 /* Media ManagerTests */ = {
			isa = PBXFileSystemSynchronizedRootGroup;
			path = "Media ManagerTests";
			sourceTree = "<group>";
		};
		CFD773032EFC8ED4005E5D93 /* Media ManagerUITests */ = {
			isa = PBXFileSystemSynchronizedRootGroup;
			path = "Media ManagerUITests";
			sourceTree = "<group>";
		};
/* End PBXFileSystemSynchronizedRootGroup section */

/* Begin PBXFrameworksBuildPhase section */
		CFA4EA7C2F02B40000D5AC7F /* Frameworks */ = {
			isa = PBXFrameworksBuildPhase;
			buildActionMask = 2147483647;
			files = (
				CFA4EA842F02B40000D5AC7F /* SwiftUI.framework in Frameworks */,
				CFA4EA822F02B40000D5AC7F /* WidgetKit.framework in Frameworks */,
			);
			runOnlyForDeploymentPostprocessing = 0;
		};
		CFD772E62EFC8ED2005E5D93 /* Frameworks */ = {
			isa = PBXFrameworksBuildPhase;
			buildActionMask = 2147483647;
			files = (
			);
			runOnlyForDeploymentPostprocessing = 0;
		};
		CFD772F32EFC8ED4005E5D93 /* Frameworks */ = {
			isa = PBXFrameworksBuildPhase;
			buildActionMask = 2147483647;
			files = (
			);
			runOnlyForDeploymentPostprocessing = 0;
		};
		CFD772FD2EFC8ED4005E5D93 /* Frameworks */ = {
			isa = PBXFrameworksBuildPhase;
			buildActionMask = 2147483647;
			files = (
			);
			runOnlyForDeploymentPostprocessing = 0;
		};
/* End PBXFrameworksBuildPhase section */

/* Begin PBXGroup section */
		CFA4EA802F02B40000D5AC7F /* Frameworks */ = {
			isa = PBXGroup;
			children = (
				CFA4EA812F02B40000D5AC7F /* WidgetKit.framework */,
				CFA4EA832F02B40000D5AC7F /* SwiftUI.framework */,
			);
			name = Frameworks;
			sourceTree = "<group>";
		};
		CFD772E02EFC8ED1005E5D93 = {
			isa = PBXGroup;
			children = (
				CFD772EB2EFC8ED2005E5D93 /* Media Manager */,
				CFD772F92EFC8ED4005E5D93 /* Media ManagerTests */,
				CFD773032EFC8ED4005E5D93 /* Media ManagerUITests */,
				CFA4EA852F02B40000D5AC7F /* UpcomingWidget */,
				CFTVOS0022F02B50000D5AC7F /* LaunchScreen.storyboard */,
				CFA4EA802F02B40000D5AC7F /* Frameworks */,
				CFD772EA2EFC8ED2005E5D93 /* Products */,
			);
			sourceTree = "<group>";
		};
		CFD772EA2EFC8ED2005E5D93 /* Products */ = {
			isa = PBXGroup;
			children = (
				CFD772E92EFC8ED2005E5D93 /* Media Manager.app */,
				CFD772F62EFC8ED4005E5D93 /* Media ManagerTests.xctest */,
				CFD773002EFC8ED4005E5D93 /* Media ManagerUITests.xctest */,
				CFA4EA7F2F02B40000D5AC7F /* upcomingWidgetExtension.appex */,
			);
			name = Products;
			sourceTree = "<group>";
		};
/* End PBXGroup section */

/* Begin PBXNativeTarget section */
		CFA4EA7E2F02B40000D5AC7F /* upcomingWidgetExtension */ = {
			isa = PBXNativeTarget;
			buildConfigurationList = CFA4EA952F02B40000D5AC7F /* Build configuration list for PBXNativeTarget "upcomingWidgetExtension" */;
			buildPhases = (
				CFA4EA7B2F02B40000D5AC7F /* Sources */,
				CFA4EA7C2F02B40000D5AC7F /* Frameworks */,
				CFA4EA7D2F02B40000D5AC7F /* Resources */,
			);
			buildRules = (
			);
			dependencies = (
			);
			fileSystemSynchronizedGroups = (
				CFA4EA852F02B40000D5AC7F /* UpcomingWidget */,
			);
			name = upcomingWidgetExtension;
			packageProductDependencies = (
			);
			productName = upcomingWidgetExtension;
			productReference = CFA4EA7F2F02B40000D5AC7F /* upcomingWidgetExtension.appex */;
			productType = "com.apple.product-type.app-extension";
		};
		CFD772E82EFC8ED2005E5D93 /* Media Manager */ = {
			isa = PBXNativeTarget;
			buildConfigurationList = CFD7730A2EFC8ED4005E5D93 /* Build configuration list for PBXNativeTarget "Media Manager" */;
			buildPhases = (
				CFD772E52EFC8ED2005E5D93 /* Sources */,
				CFD772E62EFC8ED2005E5D93 /* Frameworks */,
				CFD772E72EFC8ED2005E5D93 /* Resources */,
				CFA4EA982F02B40000D5AC7F /* Embed Foundation Extensions */,
			);
			buildRules = (
			);
			dependencies = (
				CFA4EA922F02B40000D5AC7F /* PBXTargetDependency */,
			);
			fileSystemSynchronizedGroups = (
				CFD772EB2EFC8ED2005E5D93 /* Media Manager */,
			);
			name = "Media Manager";
			packageProductDependencies = (
			);
			productName = "Media Manager";
			productReference = CFD772E92EFC8ED2005E5D93 /* Media Manager.app */;
			productType = "com.apple.product-type.application";
		};
		CFD772F52EFC8ED4005E5D93 /* Media ManagerTests */ = {
			isa = PBXNativeTarget;
			buildConfigurationList = CFD7730D2EFC8ED4005E5D93 /* Build configuration list for PBXNativeTarget "Media ManagerTests" */;
			buildPhases = (
				CFD772F22EFC8ED4005E5D93 /* Sources */,
				CFD772F32EFC8ED4005E5D93 /* Frameworks */,
				CFD772F42EFC8ED4005E5D93 /* Resources */,
			);
			buildRules = (
			);
			dependencies = (
				CFD772F82EFC8ED4005E5D93 /* PBXTargetDependency */,
			);
			fileSystemSynchronizedGroups = (
				CFD772F92EFC8ED4005E5D93 /* Media ManagerTests */,
			);
			name = "Media ManagerTests";
			packageProductDependencies = (
			);
			productName = "Media ManagerTests";
			productReference = CFD772F62EFC8ED4005E5D93 /* Media ManagerTests.xctest */;
			productType = "com.apple.product-type.bundle.unit-test";
		};
		CFD772FF2EFC8ED4005E5D93 /* Media ManagerUITests */ = {
			isa = PBXNativeTarget;
			buildConfigurationList = CFD773102EFC8ED4005E5D93 /* Build configuration list for PBXNativeTarget "Media ManagerUITests" */;
			buildPhases = (
				CFD772FC2EFC8ED4005E5D93 /* Sources */,
				CFD772FD2EFC8ED4005E5D93 /* Frameworks */,
				CFD772FE2EFC8ED4005E5D93 /* Resources */,
			);
			buildRules = (
			);
			dependencies = (
				CFD773022EFC8ED4005E5D93 /* PBXTargetDependency */,
			);
			fileSystemSynchronizedGroups = (
				CFD773032EFC8ED4005E5D93 /* Media ManagerUITests */,
			);
			name = "Media ManagerUITests";
			packageProductDependencies = (
			);
			productName = "Media ManagerUITests";
			productReference = CFD773002EFC8ED4005E5D93 /* Media ManagerUITests.xctest */;
			productType = "com.apple.product-type.bundle.ui-testing";
		};
/* End PBXNativeTarget section */

/* Begin PBXProject section */
		CFD772E12EFC8ED1005E5D93 /* Project object */ = {
			isa = PBXProject;
			attributes = {
				BuildIndependentTargetsInParallel = 1;
				LastSwiftUpdateCheck = 2620;
				LastUpgradeCheck = 2620;
				TargetAttributes = {
					CFA4EA7E2F02B40000D5AC7F = {
						CreatedOnToolsVersion = 26.2;
					};
					CFD772E82EFC8ED2005E5D93 = {
						CreatedOnToolsVersion = 26.2;
					};
					CFD772F52EFC8ED4005E5D93 = {
						CreatedOnToolsVersion = 26.2;
						TestTargetID = CFD772E82EFC8ED2005E5D93;
					};
					CFD772FF2EFC8ED4005E5D93 = {
						CreatedOnToolsVersion = 26.2;
						TestTargetID = CFD772E82EFC8ED2005E5D93;
					};
				};
			};
			buildConfigurationList = CFD772E42EFC8ED1005E5D93 /* Build configuration list for PBXProject "Media Manager" */;
			developmentRegion = en;
			hasScannedForEncodings = 0;
			knownRegions = (
				en,
				Base,
			);
			mainGroup = CFD772E02EFC8ED1005E5D93;
			minimizedProjectReferenceProxies = 1;
			preferredProjectObjectVersion = 77;
			productRefGroup = CFD772EA2EFC8ED2005E5D93 /* Products */;
			projectDirPath = "";
			projectRoot = "";
			targets = (
				CFD772E82EFC8ED2005E5D93 /* Media Manager */,
				CFD772F52EFC8ED4005E5D93 /* Media ManagerTests */,
				CFD772FF2EFC8ED4005E5D93 /* Media ManagerUITests */,
				CFA4EA7E2F02B40000D5AC7F /* upcomingWidgetExtension */,
			);
		};
/* End PBXProject section */

/* Begin PBXResourcesBuildPhase section */
		CFA4EA7D2F02B40000D5AC7F /* Resources */ = {
			isa = PBXResourcesBuildPhase;
			buildActionMask = 2147483647;
			files = (
			);
			runOnlyForDeploymentPostprocessing = 0;
		};
		CFD772E72EFC8ED2005E5D93 /* Resources */ = {
			isa = PBXResourcesBuildPhase;
			buildActionMask = 2147483647;
			files = (
				CFTVOS0012F02B50000D5AC7F /* LaunchScreen.storyboard in Resources */,
			);
			runOnlyForDeploymentPostprocessing = 0;
		};
		CFD772F42EFC8ED4005E5D93 /* Resources */ = {
			isa = PBXResourcesBuildPhase;
			buildActionMask = 2147483647;
			files = (
			);
			runOnlyForDeploymentPostprocessing = 0;
		};
		CFD772FE2EFC8ED4005E5D93 /* Resources */ = {
			isa = PBXResourcesBuildPhase;
			buildActionMask = 2147483647;
			files = (
			);
			runOnlyForDeploymentPostprocessing = 0;
		};
/* End PBXResourcesBuildPhase section */

/* Begin PBXSourcesBuildPhase section */
		CFA4EA7B2F02B40000D5AC7F /* Sources */ = {
			isa = PBXSourcesBuildPhase;
			buildActionMask = 2147483647;
			files = (
			);
			runOnlyForDeploymentPostprocessing = 0;
		};
		CFD772E52EFC8ED2005E5D93 /* Sources */ = {
			isa = PBXSourcesBuildPhase;
			buildActionMask = 2147483647;
			files = (
			);
			runOnlyForDeploymentPostprocessing = 0;
		};
		CFD772F22EFC8ED4005E5D93 /* Sources */ = {
			isa = PBXSourcesBuildPhase;
			buildActionMask = 2147483647;
			files = (
			);
			runOnlyForDeploymentPostprocessing = 0;
		};
		CFD772FC2EFC8ED4005E5D93 /* Sources */ = {
			isa = PBXSourcesBuildPhase;
			buildActionMask = 2147483647;
			files = (
			);
			runOnlyForDeploymentPostprocessing = 0;
		};
/* End PBXSourcesBuildPhase section */

/* Begin PBXTargetDependency section */
		CFA4EA922F02B40000D5AC7F /* PBXTargetDependency */ = {
			isa = PBXTargetDependency;
			platformFilter = ios;
			target = CFA4EA7E2F02B40000D5AC7F /* upcomingWidgetExtension */;
			targetProxy = CFA4EA912F02B40000D5AC7F /* PBXContainerItemProxy */;
		};
		CFD772F82EFC8ED4005E5D93 /* PBXTargetDependency */ = {
			isa = PBXTargetDependency;
			target = CFD772E82EFC8ED2005E5D93 /* Media Manager */;
			targetProxy = CFD772F72EFC8ED4005E5D93 /* PBXContainerItemProxy */;
		};
		CFD773022EFC8ED4005E5D93 /* PBXTargetDependency */ = {
			isa = PBXTargetDependency;
			target = CFD772E82EFC8ED2005E5D93 /* Media Manager */;
			targetProxy = CFD773012EFC8ED4005E5D93 /* PBXContainerItemProxy */;
		};
/* End PBXTargetDependency section */

/* Begin XCBuildConfiguration section */
		CFA4EA962F02B40000D5AC7F /* Debug */ = {
			isa = XCBuildConfiguration;
			buildSettings = {
				ASSETCATALOG_COMPILER_GLOBAL_ACCENT_COLOR_NAME = AccentColor;
				ASSETCATALOG_COMPILER_WIDGET_BACKGROUND_COLOR_NAME = WidgetBackground;
				CODE_SIGN_ENTITLEMENTS = UpcomingWidget/UpcomingWidget.entitlements;
				CODE_SIGN_STYLE = Automatic;
				CURRENT_PROJECT_VERSION = 5;
				GENERATE_INFOPLIST_FILE = YES;
				INFOPLIST_FILE = UpcomingWidget/Info.plist;
				INFOPLIST_KEY_CFBundleDisplayName = "Upcoming Releases";
				INFOPLIST_KEY_NSHumanReadableCopyright = "";
				IPHONEOS_DEPLOYMENT_TARGET = 17.0;
				LD_RUNPATH_SEARCH_PATHS = (
					"$(inherited)",
					"@executable_path/Frameworks",
					"@executable_path/../../Frameworks",
				);
				MARKETING_VERSION = 2.5;
				PRODUCT_BUNDLE_IDENTIFIER = com.example.MediaManager.upcomingWidget;
				PRODUCT_NAME = "$(TARGET_NAME)";
				SKIP_INSTALL = YES;
				STRING_CATALOG_GENERATE_SYMBOLS = YES;
				SUPPORTED_PLATFORMS = "iphoneos iphonesimulator";
				SUPPORTS_MACCATALYST = NO;
				SWIFT_APPROACHABLE_CONCURRENCY = YES;
				SWIFT_EMIT_LOC_STRINGS = YES;
				SWIFT_UPCOMING_FEATURE_MEMBER_IMPORT_VISIBILITY = YES;
				SWIFT_VERSION = 5.0;
				TARGETED_DEVICE_FAMILY = "1,2";
			};
			name = Debug;
		};
		CFA4EA972F02B40000D5AC7F /* Release */ = {
			isa = XCBuildConfiguration;
			buildSettings = {
				ASSETCATALOG_COMPILER_GLOBAL_ACCENT_COLOR_NAME = AccentColor;
				ASSETCATALOG_COMPILER_WIDGET_BACKGROUND_COLOR_NAME = WidgetBackground;
				CODE_SIGN_ENTITLEMENTS = UpcomingWidget/UpcomingWidget.entitlements;
				CODE_SIGN_STYLE = Automatic;
				CURRENT_PROJECT_VERSION = 5;
				GENERATE_INFOPLIST_FILE = YES;
				INFOPLIST_FILE = UpcomingWidget/Info.plist;
				INFOPLIST_KEY_CFBundleDisplayName = "Upcoming Releases";
				INFOPLIST_KEY_NSHumanReadableCopyright = "";
				IPHONEOS_DEPLOYMENT_TARGET = 17.0;
				LD_RUNPATH_SEARCH_PATHS = (
					"$(inherited)",
					"@executable_path/Frameworks",
					"@executable_path/../../Frameworks",
				);
				MARKETING_VERSION = 2.5;
				PRODUCT_BUNDLE_IDENTIFIER = com.example.MediaManager.upcomingWidget;
				PRODUCT_NAME = "$(TARGET_NAME)";
				SKIP_INSTALL = YES;
				STRING_CATALOG_GENERATE_SYMBOLS = YES;
				SUPPORTED_PLATFORMS = "iphoneos iphonesimulator";
				SUPPORTS_MACCATALYST = NO;
				SWIFT_APPROACHABLE_CONCURRENCY = YES;
				SWIFT_EMIT_LOC_STRINGS = YES;
				SWIFT_UPCOMING_FEATURE_MEMBER_IMPORT_VISIBILITY = YES;
				SWIFT_VERSION = 5.0;
				TARGETED_DEVICE_FAMILY = "1,2";
			};
			name = Release;
		};
		CFD773082EFC8ED4005E5D93 /* Debug */ = {
			isa = XCBuildConfiguration;
			buildSettings = {
				ALWAYS_SEARCH_USER_PATHS = NO;
				ASSETCATALOG_COMPILER_GENERATE_SWIFT_ASSET_SYMBOL_EXTENSIONS = YES;
				CLANG_ANALYZER_NONNULL = YES;
				CLANG_ANALYZER_NUMBER_OBJECT_CONVERSION = YES_AGGRESSIVE;
				CLANG_CXX_LANGUAGE_STANDARD = "gnu++20";
				CLANG_ENABLE_MODULES = YES;
				CLANG_ENABLE_OBJC_ARC = YES;
				CLANG_ENABLE_OBJC_WEAK = YES;
				CLANG_WARN_BLOCK_CAPTURE_AUTORELEASING = YES;
				CLANG_WARN_BOOL_CONVERSION = YES;
				CLANG_WARN_COMMA = YES;
				CLANG_WARN_CONSTANT_CONVERSION = YES;
				CLANG_WARN_DEPRECATED_OBJC_IMPLEMENTATIONS = YES;
				CLANG_WARN_DIRECT_OBJC_ISA_USAGE = YES_ERROR;
				CLANG_WARN_DOCUMENTATION_COMMENTS = YES;
				CLANG_WARN_EMPTY_BODY = YES;
				CLANG_WARN_ENUM_CONVERSION = YES;
				CLANG_WARN_INFINITE_RECURSION = YES;
				CLANG_WARN_INT_CONVERSION = YES;
				CLANG_WARN_NON_LITERAL_NULL_CONVERSION = YES;
				CLANG_WARN_OBJC_IMPLICIT_RETAIN_SELF = YES;
				CLANG_WARN_OBJC_LITERAL_CONVERSION = YES;
				CLANG_WARN_OBJC_ROOT_CLASS = YES_ERROR;
				CLANG_WARN_QUOTED_INCLUDE_IN_FRAMEWORK_HEADER = YES;
				CLANG_WARN_RANGE_LOOP_ANALYSIS = YES;
				CLANG_WARN_STRICT_PROTOTYPES = YES;
				CLANG_WARN_SUSPICIOUS_MOVE = YES;
				CLANG_WARN_UNGUARDED_AVAILABILITY = YES_AGGRESSIVE;
				CLANG_WARN_UNREACHABLE_CODE = YES;
				CLANG_WARN__DUPLICATE_METHOD_MATCH = YES;
				COPY_PHASE_STRIP = NO;
				DEBUG_INFORMATION_FORMAT = dwarf;
				ENABLE_STRICT_OBJC_MSGSEND = YES;
				ENABLE_TESTABILITY = YES;
				ENABLE_USER_SCRIPT_SANDBOXING = YES;
				GCC_C_LANGUAGE_STANDARD = gnu17;
				GCC_DYNAMIC_NO_PIC = NO;
				GCC_NO_COMMON_BLOCKS = YES;
				GCC_OPTIMIZATION_LEVEL = 0;
				GCC_PREPROCESSOR_DEFINITIONS = (
					"DEBUG=1",
					"$(inherited)",
				);
				GCC_WARN_64_TO_32_BIT_CONVERSION = YES;
				GCC_WARN_ABOUT_RETURN_TYPE = YES_ERROR;
				GCC_WARN_UNDECLARED_SELECTOR = YES;
				GCC_WARN_UNINITIALIZED_AUTOS = YES_AGGRESSIVE;
				GCC_WARN_UNUSED_FUNCTION = YES;
				GCC_WARN_UNUSED_VARIABLE = YES;
				IPHONEOS_DEPLOYMENT_TARGET = 17.0;
				LOCALIZATION_PREFERS_STRING_CATALOGS = YES;
				MTL_ENABLE_DEBUG_INFO = INCLUDE_SOURCE;
				MTL_FAST_MATH = YES;
				ONLY_ACTIVE_ARCH = YES;
				SDKROOT = iphoneos;
				SWIFT_ACTIVE_COMPILATION_CONDITIONS = "DEBUG $(inherited)";
				SWIFT_OPTIMIZATION_LEVEL = "-Onone";
			};
			name = Debug;
		};
		CFD773092EFC8ED4005E5D93 /* Release */ = {
			isa = XCBuildConfiguration;
			buildSettings = {
				ALWAYS_SEARCH_USER_PATHS = NO;
				ASSETCATALOG_COMPILER_GENERATE_SWIFT_ASSET_SYMBOL_EXTENSIONS = YES;
				CLANG_ANALYZER_NONNULL = YES;
				CLANG_ANALYZER_NUMBER_OBJECT_CONVERSION = YES_AGGRESSIVE;
				CLANG_CXX_LANGUAGE_STANDARD = "gnu++20";
				CLANG_ENABLE_MODULES = YES;
				CLANG_ENABLE_OBJC_ARC = YES;
				CLANG_ENABLE_OBJC_WEAK = YES;
				CLANG_WARN_BLOCK_CAPTURE_AUTORELEASING = YES;
				CLANG_WARN_BOOL_CONVERSION = YES;
				CLANG_WARN_COMMA = YES;
				CLANG_WARN_CONSTANT_CONVERSION = YES;
				CLANG_WARN_DEPRECATED_OBJC_IMPLEMENTATIONS = YES;
				CLANG_WARN_DIRECT_OBJC_ISA_USAGE = YES_ERROR;
				CLANG_WARN_DOCUMENTATION_COMMENTS = YES;
				CLANG_WARN_EMPTY_BODY = YES;
				CLANG_WARN_ENUM_CONVERSION = YES;
				CLANG_WARN_INFINITE_RECURSION = YES;
				CLANG_WARN_INT_CONVERSION = YES;
				CLANG_WARN_NON_LITERAL_NULL_CONVERSION = YES;
				CLANG_WARN_OBJC_IMPLICIT_RETAIN_SELF = YES;
				CLANG_WARN_OBJC_LITERAL_CONVERSION = YES;
				CLANG_WARN_OBJC_ROOT_CLASS = YES_ERROR;
				CLANG_WARN_QUOTED_INCLUDE_IN_FRAMEWORK_HEADER = YES;
				CLANG_WARN_RANGE_LOOP_ANALYSIS = YES;
				CLANG_WARN_STRICT_PROTOTYPES = YES;
				CLANG_WARN_SUSPICIOUS_MOVE = YES;
				CLANG_WARN_UNGUARDED_AVAILABILITY = YES_AGGRESSIVE;
				CLANG_WARN_UNREACHABLE_CODE = YES;
				CLANG_WARN__DUPLICATE_METHOD_MATCH = YES;
				COPY_PHASE_STRIP = NO;
				DEBUG_INFORMATION_FORMAT = "dwarf-with-dsym";
				ENABLE_NS_ASSERTIONS = NO;
				ENABLE_STRICT_OBJC_MSGSEND = YES;
				ENABLE_USER_SCRIPT_SANDBOXING = YES;
				GCC_C_LANGUAGE_STANDARD = gnu17;
				GCC_NO_COMMON_BLOCKS = YES;
				GCC_WARN_64_TO_32_BIT_CONVERSION = YES;
				GCC_WARN_ABOUT_RETURN_TYPE = YES_ERROR;
				GCC_WARN_UNDECLARED_SELECTOR = YES;
				GCC_WARN_UNINITIALIZED_AUTOS = YES_AGGRESSIVE;
				GCC_WARN_UNUSED_FUNCTION = YES;
				GCC_WARN_UNUSED_VARIABLE = YES;
				IPHONEOS_DEPLOYMENT_TARGET = 17.0;
				LOCALIZATION_PREFERS_STRING_CATALOGS = YES;
				MTL_ENABLE_DEBUG_INFO = NO;
				MTL_FAST_MATH = YES;
				SDKROOT = iphoneos;
				SWIFT_COMPILATION_MODE = wholemodule;
				VALIDATE_PRODUCT = YES;
			};
			name = Release;
		};
		CFD7730B2EFC8ED4005E5D93 /* Debug */ = {
			isa = XCBuildConfiguration;
			buildSettings = {
				ASSETCATALOG_COMPILER_APPICON_NAME = AppIcon;
				ASSETCATALOG_COMPILER_GLOBAL_ACCENT_COLOR_NAME = AccentColor;
				CODE_SIGN_ENTITLEMENTS = "Media Manager/Media Manager.entitlements";
				CODE_SIGN_STYLE = Automatic;
				CURRENT_PROJECT_VERSION = 5;
				ENABLE_PREVIEWS = YES;
				GENERATE_INFOPLIST_FILE = YES;
				INFOPLIST_FILE = Info.plist;
				INFOPLIST_KEY_CFBundleDisplayName = "Dragon Media Manager";
				INFOPLIST_KEY_LSApplicationCategoryType = "public.app-category.productivity";
				INFOPLIST_KEY_UIApplicationSceneManifest_Generation = YES;
				INFOPLIST_KEY_UIApplicationSupportsIndirectInputEvents = YES;
				"INFOPLIST_KEY_UILaunchStoryboardName[sdk=iphoneos*]" = LaunchScreen;
				"INFOPLIST_KEY_UILaunchStoryboardName[sdk=iphonesimulator*]" = LaunchScreen;
				INFOPLIST_KEY_UISupportedInterfaceOrientations_iPad = "UIInterfaceOrientationPortrait UIInterfaceOrientationPortraitUpsideDown UIInterfaceOrientationLandscapeLeft UIInterfaceOrientationLandscapeRight";
				INFOPLIST_KEY_UISupportedInterfaceOrientations_iPhone = "UIInterfaceOrientationPortrait UIInterfaceOrientationLandscapeLeft UIInterfaceOrientationLandscapeRight";
				LD_RUNPATH_SEARCH_PATHS = (
					"$(inherited)",
					"@executable_path/Frameworks",
				);
				MARKETING_VERSION = 2.5;
				PRODUCT_BUNDLE_IDENTIFIER = com.example.MediaManager;
				PRODUCT_NAME = "$(TARGET_NAME)";
				STRING_CATALOG_GENERATE_SYMBOLS = YES;
				SUPPORTED_PLATFORMS = "appletvos appletvsimulator iphoneos iphonesimulator";
				SUPPORTS_MACCATALYST = NO;
				SUPPORTS_MAC_DESIGNED_FOR_IPHONE_IPAD = NO;
				SUPPORTS_XR_DESIGNED_FOR_IPHONE_IPAD = NO;
				SWIFT_APPROACHABLE_CONCURRENCY = YES;
				SWIFT_DEFAULT_ACTOR_ISOLATION = MainActor;
				SWIFT_EMIT_LOC_STRINGS = YES;
				SWIFT_UPCOMING_FEATURE_MEMBER_IMPORT_VISIBILITY = YES;
				SWIFT_VERSION = 5.0;
				TARGETED_DEVICE_FAMILY = "1,2,3";
				TVOS_DEPLOYMENT_TARGET = 17.6;
			};
			name = Debug;
		};
		CFD7730C2EFC8ED4005E5D93 /* Release */ = {
			isa = XCBuildConfiguration;
			buildSettings = {
				ASSETCATALOG_COMPILER_APPICON_NAME = AppIcon;
				ASSETCATALOG_COMPILER_GLOBAL_ACCENT_COLOR_NAME = AccentColor;
				CODE_SIGN_ENTITLEMENTS = "Media Manager/Media Manager.entitlements";
				CODE_SIGN_STYLE = Automatic;
				CURRENT_PROJECT_VERSION = 5;
				ENABLE_PREVIEWS = YES;
				GENERATE_INFOPLIST_FILE = YES;
				INFOPLIST_FILE = Info.plist;
				INFOPLIST_KEY_CFBundleDisplayName = "Dragon Media Manager";
				INFOPLIST_KEY_LSApplicationCategoryType = "public.app-category.productivity";
				INFOPLIST_KEY_UIApplicationSceneManifest_Generation = YES;
				INFOPLIST_KEY_UIApplicationSupportsIndirectInputEvents = YES;
				"INFOPLIST_KEY_UILaunchStoryboardName[sdk=iphoneos*]" = LaunchScreen;
				"INFOPLIST_KEY_UILaunchStoryboardName[sdk=iphonesimulator*]" = LaunchScreen;
				INFOPLIST_KEY_UISupportedInterfaceOrientations_iPad = "UIInterfaceOrientationPortrait UIInterfaceOrientationPortraitUpsideDown UIInterfaceOrientationLandscapeLeft UIInterfaceOrientationLandscapeRight";
				INFOPLIST_KEY_UISupportedInterfaceOrientations_iPhone = "UIInterfaceOrientationPortrait UIInterfaceOrientationLandscapeLeft UIInterfaceOrientationLandscapeRight";
				LD_RUNPATH_SEARCH_PATHS = (
					"$(inherited)",
					"@executable_path/Frameworks",
				);
				MARKETING_VERSION = 2.5;
				PRODUCT_BUNDLE_IDENTIFIER = com.example.MediaManager;
				PRODUCT_NAME = "$(TARGET_NAME)";
				STRING_CATALOG_GENERATE_SYMBOLS = YES;
				SUPPORTED_PLATFORMS = "appletvos appletvsimulator iphoneos iphonesimulator";
				SUPPORTS_MACCATALYST = NO;
				SUPPORTS_MAC_DESIGNED_FOR_IPHONE_IPAD = NO;
				SUPPORTS_XR_DESIGNED_FOR_IPHONE_IPAD = NO;
				SWIFT_APPROACHABLE_CONCURRENCY = YES;
				SWIFT_DEFAULT_ACTOR_ISOLATION = MainActor;
				SWIFT_EMIT_LOC_STRINGS = YES;
				SWIFT_UPCOMING_FEATURE_MEMBER_IMPORT_VISIBILITY = YES;
				SWIFT_VERSION = 5.0;
				TARGETED_DEVICE_FAMILY = "1,2,3";
				TVOS_DEPLOYMENT_TARGET = 17.6;
			};
			name = Release;
		};
		CFD7730E2EFC8ED4005E5D93 /* Debug */ = {
			isa = XCBuildConfiguration;
			buildSettings = {
				BUNDLE_LOADER = "$(TEST_HOST)";
				CODE_SIGN_STYLE = Automatic;
				CURRENT_PROJECT_VERSION = 5;
				GENERATE_INFOPLIST_FILE = YES;
				IPHONEOS_DEPLOYMENT_TARGET = 17.0;
				MARKETING_VERSION = 2.5;
				PRODUCT_BUNDLE_IDENTIFIER = com.example.MediaManagerTests;
				PRODUCT_NAME = "$(TARGET_NAME)";
				STRING_CATALOG_GENERATE_SYMBOLS = NO;
				SUPPORTED_PLATFORMS = "appletvos appletvsimulator iphoneos iphonesimulator";
				SUPPORTS_MACCATALYST = NO;
				SUPPORTS_MAC_DESIGNED_FOR_IPHONE_IPAD = NO;
				SUPPORTS_XR_DESIGNED_FOR_IPHONE_IPAD = NO;
				SWIFT_APPROACHABLE_CONCURRENCY = YES;
				SWIFT_EMIT_LOC_STRINGS = NO;
				SWIFT_UPCOMING_FEATURE_MEMBER_IMPORT_VISIBILITY = YES;
				SWIFT_VERSION = 5.0;
				TARGETED_DEVICE_FAMILY = "1,2,3";
				TEST_HOST = "$(BUILT_PRODUCTS_DIR)/Media Manager.app/$(BUNDLE_EXECUTABLE_FOLDER_PATH)/Media Manager";
				TVOS_DEPLOYMENT_TARGET = 17.6;
			};
			name = Debug;
		};
		CFD7730F2EFC8ED4005E5D93 /* Release */ = {
			isa = XCBuildConfiguration;
			buildSettings = {
				BUNDLE_LOADER = "$(TEST_HOST)";
				CODE_SIGN_STYLE = Automatic;
				CURRENT_PROJECT_VERSION = 5;
				GENERATE_INFOPLIST_FILE = YES;
				IPHONEOS_DEPLOYMENT_TARGET = 17.0;
				MARKETING_VERSION = 2.5;
				PRODUCT_BUNDLE_IDENTIFIER = com.example.MediaManagerTests;
				PRODUCT_NAME = "$(TARGET_NAME)";
				STRING_CATALOG_GENERATE_SYMBOLS = NO;
				SUPPORTED_PLATFORMS = "appletvos appletvsimulator iphoneos iphonesimulator";
				SUPPORTS_MACCATALYST = NO;
				SUPPORTS_MAC_DESIGNED_FOR_IPHONE_IPAD = NO;
				SUPPORTS_XR_DESIGNED_FOR_IPHONE_IPAD = NO;
				SWIFT_APPROACHABLE_CONCURRENCY = YES;
				SWIFT_EMIT_LOC_STRINGS = NO;
				SWIFT_UPCOMING_FEATURE_MEMBER_IMPORT_VISIBILITY = YES;
				SWIFT_VERSION = 5.0;
				TARGETED_DEVICE_FAMILY = "1,2,3";
				TEST_HOST = "$(BUILT_PRODUCTS_DIR)/Media Manager.app/$(BUNDLE_EXECUTABLE_FOLDER_PATH)/Media Manager";
				TVOS_DEPLOYMENT_TARGET = 17.6;
			};
			name = Release;
		};
		CFD773112EFC8ED4005E5D93 /* Debug */ = {
			isa = XCBuildConfiguration;
			buildSettings = {
				CODE_SIGN_STYLE = Automatic;
				CURRENT_PROJECT_VERSION = 5;
				GENERATE_INFOPLIST_FILE = YES;
				MARKETING_VERSION = 2.5;
				PRODUCT_BUNDLE_IDENTIFIER = com.example.MediaManagerUITests;
				PRODUCT_NAME = "$(TARGET_NAME)";
				STRING_CATALOG_GENERATE_SYMBOLS = NO;
				SUPPORTED_PLATFORMS = "appletvos appletvsimulator iphoneos iphonesimulator";
				SUPPORTS_MACCATALYST = NO;
				SUPPORTS_MAC_DESIGNED_FOR_IPHONE_IPAD = NO;
				SUPPORTS_XR_DESIGNED_FOR_IPHONE_IPAD = NO;
				SWIFT_APPROACHABLE_CONCURRENCY = YES;
				SWIFT_EMIT_LOC_STRINGS = NO;
				SWIFT_UPCOMING_FEATURE_MEMBER_IMPORT_VISIBILITY = YES;
				SWIFT_VERSION = 5.0;
				TARGETED_DEVICE_FAMILY = "1,2,3";
				TEST_TARGET_NAME = "Media Manager";
				TVOS_DEPLOYMENT_TARGET = 17.6;
			};
			name = Debug;
		};
		CFD773122EFC8ED4005E5D93 /* Release */ = {
			isa = XCBuildConfiguration;
			buildSettings = {
				CODE_SIGN_STYLE = Automatic;
				CURRENT_PROJECT_VERSION = 5;
				GENERATE_INFOPLIST_FILE = YES;
				MARKETING_VERSION = 2.5;
				PRODUCT_BUNDLE_IDENTIFIER = com.example.MediaManagerUITests;
				PRODUCT_NAME = "$(TARGET_NAME)";
				STRING_CATALOG_GENERATE_SYMBOLS = NO;
				SUPPORTED_PLATFORMS = "appletvos appletvsimulator iphoneos iphonesimulator";
				SUPPORTS_MACCATALYST = NO;
				SUPPORTS_MAC_DESIGNED_FOR_IPHONE_IPAD = NO;
				SUPPORTS_XR_DESIGNED_FOR_IPHONE_IPAD = NO;
				SWIFT_APPROACHABLE_CONCURRENCY = YES;
				SWIFT_EMIT_LOC_STRINGS = NO;
				SWIFT_UPCOMING_FEATURE_MEMBER_IMPORT_VISIBILITY = YES;
				SWIFT_VERSION = 5.0;
				TARGETED_DEVICE_FAMILY = "1,2,3";
				TEST_TARGET_NAME = "Media Manager";
				TVOS_DEPLOYMENT_TARGET = 17.6;
			};
			name = Release;
		};
/* End XCBuildConfiguration section */

/* Begin XCConfigurationList section */
		CFA4EA952F02B40000D5AC7F /* Build configuration list for PBXNativeTarget "upcomingWidgetExtension" */ = {
			isa = XCConfigurationList;
			buildConfigurations = (
				CFA4EA962F02B40000D5AC7F /* Debug */,
				CFA4EA972F02B40000D5AC7F /* Release */,
			);
			defaultConfigurationIsVisible = 0;
			defaultConfigurationName = Release;
		};
		CFD772E42EFC8ED1005E5D93 /* Build configuration list for PBXProject "Media Manager" */ = {
			isa = XCConfigurationList;
			buildConfigurations = (
				CFD773082EFC8ED4005E5D93 /* Debug */,
				CFD773092EFC8ED4005E5D93 /* Release */,
			);
			defaultConfigurationIsVisible = 0;
			defaultConfigurationName = Release;
		};
		CFD7730A2EFC8ED4005E5D93 /* Build configuration list for PBXNativeTarget "Media Manager" */ = {
			isa = XCConfigurationList;
			buildConfigurations = (
				CFD7730B2EFC8ED4005E5D93 /* Debug */,
				CFD7730C2EFC8ED4005E5D93 /* Release */,
			);
			defaultConfigurationIsVisible = 0;
			defaultConfigurationName = Release;
		};
		CFD7730D2EFC8ED4005E5D93 /* Build configuration list for PBXNativeTarget "Media ManagerTests" */ = {
			isa = XCConfigurationList;
			buildConfigurations = (
				CFD7730E2EFC8ED4005E5D93 /* Debug */,
				CFD7730F2EFC8ED4005E5D93 /* Release */,
			);
			defaultConfigurationIsVisible = 0;
			defaultConfigurationName = Release;
		};
		CFD773102EFC8ED4005E5D93 /* Build configuration list for PBXNativeTarget "Media ManagerUITests" */ = {
			isa = XCConfigurationList;
			buildConfigurations = (
				CFD773112EFC8ED4005E5D93 /* Debug */,
				CFD773122EFC8ED4005E5D93 /* Release */,
			);
			defaultConfigurationIsVisible = 0;
			defaultConfigurationName = Release;
		};
/* End XCConfigurationList section */
	};
	rootObject = CFD772E12EFC8ED1005E5D93 /* Project object */;
}
